// !$*UTF8*$!
{
	archiveVersion = 1;
	classes = {
	};
	objectVersion = 77;
	objects = {

/* Begin PBXContainerItemProxy section */
		A8698F532CEC95F600B7FFFC /* PBXContainerItemProxy */ = {
			isa = PBXContainerItemProxy;
			containerPortal = A8698F3A2CEC95F400B7FFFC /* Project object */;
			proxyType = 1;
			remoteGlobalIDString = A8698F412CEC95F400B7FFFC;
			remoteInfo = Lab1_ex2;
		};
		A8698F5D2CEC95F600B7FFFC /* PBXContainerItemProxy */ = {
			isa = PBXContainerItemProxy;
			containerPortal = A8698F3A2CEC95F400B7FFFC /* Project object */;
			proxyType = 1;
			remoteGlobalIDString = A8698F412CEC95F400B7FFFC;
			remoteInfo = Lab1_ex2;
		};
/* End PBXContainerItemProxy section */

/* Begin PBXFileReference section */
		A8698F422CEC95F400B7FFFC /* Lab1_ex2.app */ = {isa = PBXFileReference; explicitFileType = wrapper.application; includeInIndex = 0; path = Lab1_ex2.app; sourceTree = BUILT_PRODUCTS_DIR; };
		A8698F522CEC95F600B7FFFC /* Lab1_ex2Tests.xctest */ = {isa = PBXFileReference; explicitFileType = wrapper.cfbundle; includeInIndex = 0; path = Lab1_ex2Tests.xctest; sourceTree = BUILT_PRODUCTS_DIR; };
		A8698F5C2CEC95F600B7FFFC /* Lab1_ex2UITests.xctest */ = {isa = PBXFileReference; explicitFileType = wrapper.cfbundle; includeInIndex = 0; path = Lab1_ex2UITests.xctest; sourceTree = BUILT_PRODUCTS_DIR; };
/* End PBXFileReference section */

/* Begin PBXFileSystemSynchronizedRootGroup section */
		A8698F442CEC95F400B7FFFC /* Lab1_ex2 */ = {
			isa = PBXFileSystemSynchronizedRootGroup;
			path = Lab1_ex2;
			sourceTree = "<group>";
		};
		A8698F552CEC95F600B7FFFC /* Lab1_ex2Tests */ = {
			isa = PBXFileSystemSynchronizedRootGroup;
			path = Lab1_ex2Tests;
			sourceTree = "<group>";
		};
		A8698F5F2CEC95F600B7FFFC /* Lab1_ex2UITests */ = {
			isa = PBXFileSystemSynchronizedRootGroup;
			path = Lab1_ex2UITests;
			sourceTree = "<group>";
		};
/* End PBXFileSystemSynchronizedRootGroup section */

/* Begin PBXFrameworksBuildPhase section */
		A8698F3F2CEC95F400B7FFFC /* Frameworks */ = {
			isa = PBXFrameworksBuildPhase;
			buildActionMask = 2147483647;
			files = (
			);
			runOnlyForDeploymentPostprocessing = 0;
		};
		A8698F4F2CEC95F600B7FFFC /* Frameworks */ = {
			isa = PBXFrameworksBuildPhase;
			buildActionMask = 2147483647;
			files = (
			);
			runOnlyForDeploymentPostprocessing = 0;
		};
		A8698F592CEC95F600B7FFFC /* Frameworks */ = {
			isa = PBXFrameworksBuildPhase;
			buildActionMask = 2147483647;
			files = (
			);
			runOnlyForDeploymentPostprocessing = 0;
		};
/* End PBXFrameworksBuildPhase section */

/* Begin PBXGroup section */
		A8698F392CEC95F400B7FFFC = {
			isa = PBXGroup;
			children = (
				A8698F442CEC95F400B7FFFC /* Lab1_ex2 */,
				A8698F552CEC95F600B7FFFC /* Lab1_ex2Tests */,
				A8698F5F2CEC95F600B7FFFC /* Lab1_ex2UITests */,
				A8698F432CEC95F400B7FFFC /* Products */,
			);
			sourceTree = "<group>";
		};
		A8698F432CEC95F400B7FFFC /* Products */ = {
			isa = PBXGroup;
			children = (
				A8698F422CEC95F400B7FFFC /* Lab1_ex2.app */,
				A8698F522CEC95F600B7FFFC /* Lab1_ex2Tests.xctest */,
				A8698F5C2CEC95F600B7FFFC /* Lab1_ex2UITests.xctest */,
			);
			name = Products;
			sourceTree = "<group>";
		};
/* End PBXGroup section */

/* Begin PBXNativeTarget section */
		A8698F412CEC95F400B7FFFC /* Lab1_ex2 */ = {
			isa = PBXNativeTarget;
			buildConfigurationList = A8698F662CEC95F600B7FFFC /* Build configuration list for PBXNativeTarget "Lab1_ex2" */;
			buildPhases = (
				A8698F3E2CEC95F400B7FFFC /* Sources */,
				A8698F3F2CEC95F400B7FFFC /* Frameworks */,
				A8698F402CEC95F400B7FFFC /* Resources */,
			);
			buildRules = (
			);
			dependencies = (
			);
			fileSystemSynchronizedGroups = (
				A8698F442CEC95F400B7FFFC /* Lab1_ex2 */,
			);
			name = Lab1_ex2;
			packageProductDependencies = (
			);
			productName = Lab1_ex2;
			productReference = A8698F422CEC95F400B7FFFC /* Lab1_ex2.app */;
			productType = "com.apple.product-type.application";
		};
		A8698F512CEC95F600B7FFFC /* Lab1_ex2Tests */ = {
			isa = PBXNativeTarget;
			buildConfigurationList = A8698F692CEC95F600B7FFFC /* Build configuration list for PBXNativeTarget "Lab1_ex2Tests" */;
			buildPhases = (
				A8698F4E2CEC95F600B7FFFC /* Sources */,
				A8698F4F2CEC95F600B7FFFC /* Frameworks */,
				A8698F502CEC95F600B7FFFC /* Resources */,
			);
			buildRules = (
			);
			dependencies = (
				A8698F542CEC95F600B7FFFC /* PBXTargetDependency */,
			);
			fileSystemSynchronizedGroups = (
				A8698F552CEC95F600B7FFFC /* Lab1_ex2Tests */,
			);
			name = Lab1_ex2Tests;
			packageProductDependencies = (
			);
			productName = Lab1_ex2Tests;
			productReference = A8698F522CEC95F600B7FFFC /* Lab1_ex2Tests.xctest */;
			productType = "com.apple.product-type.bundle.unit-test";
		};
		A8698F5B2CEC95F600B7FFFC /* Lab1_ex2UITests */ = {
			isa = PBXNativeTarget;
			buildConfigurationList = A8698F6C2CEC95F600B7FFFC /* Build configuration list for PBXNativeTarget "Lab1_ex2UITests" */;
			buildPhases = (
				A8698F582CEC95F600B7FFFC /* Sources */,
				A8698F592CEC95F600B7FFFC /* Frameworks */,
				A8698F5A2CEC95F600B7FFFC /* Resources */,
			);
			buildRules = (
			);
			dependencies = (
				A8698F5E2CEC95F600B7FFFC /* PBXTargetDependency */,
			);
			fileSystemSynchronizedGroups = (
				A8698F5F2CEC95F600B7FFFC /* Lab1_ex2UITests */,
			);
			name = Lab1_ex2UITests;
			packageProductDependencies = (
			);
			productName = Lab1_ex2UITests;
			productReference = A8698F5C2CEC95F600B7FFFC /* Lab1_ex2UITests.xctest */;
			productType = "com.apple.product-type.bundle.ui-testing";
		};
/* End PBXNativeTarget section */

/* Begin PBXProject section */
		A8698F3A2CEC95F400B7FFFC /* Project object */ = {
			isa = PBXProject;
			attributes = {
				BuildIndependentTargetsInParallel = 1;
				LastSwiftUpdateCheck = 1600;
				LastUpgradeCheck = 1600;
				TargetAttributes = {
					A8698F412CEC95F400B7FFFC = {
						CreatedOnToolsVersion = 16.0;
					};
					A8698F512CEC95F600B7FFFC = {
						CreatedOnToolsVersion = 16.0;
						TestTargetID = A8698F412CEC95F400B7FFFC;
					};
					A8698F5B2CEC95F600B7FFFC = {
						CreatedOnToolsVersion = 16.0;
						TestTargetID = A8698F412CEC95F400B7FFFC;
					};
				};
			};
			buildConfigurationList = A8698F3D2CEC95F400B7FFFC /* Build configuration list for PBXProject "Lab1_ex2" */;
			developmentRegion = en;
			hasScannedForEncodings = 0;
			knownRegions = (
				en,
				Base,
			);
			mainGroup = A8698F392CEC95F400B7FFFC;
			minimizedProjectReferenceProxies = 1;
			preferredProjectObjectVersion = 77;
			productRefGroup = A8698F432CEC95F400B7FFFC /* Products */;
			projectDirPath = "";
			projectRoot = "";
			targets = (
				A8698F412CEC95F400B7FFFC /* Lab1_ex2 */,
				A8698F512CEC95F600B7FFFC /* Lab1_ex2Tests */,
				A8698F5B2CEC95F600B7FFFC /* Lab1_ex2UITests */,
			);
		};
/* End PBXProject section */

/* Begin PBXResourcesBuildPhase section */
		A8698F402CEC95F400B7FFFC /* Resources */ = {
			isa = PBXResourcesBuildPhase;
			buildActionMask = 2147483647;
			files = (
			);
			runOnlyForDeploymentPostprocessing = 0;
		};
		A8698F502CEC95F600B7FFFC /* Resources */ = {
			isa = PBXResourcesBuildPhase;
			buildActionMask = 2147483647;
			files = (
			);
			runOnlyForDeploymentPostprocessing = 0;
		};
		A8698F5A2CEC95F600B7FFFC /* Resources */ = {
			isa = PBXResourcesBuildPhase;
			buildActionMask = 2147483647;
			files = (
			);
			runOnlyForDeploymentPostprocessing = 0;
		};
/* End PBXResourcesBuildPhase section */

/* Begin PBXSourcesBuildPhase section */
		A8698F3E2CEC95F400B7FFFC /* Sources */ = {
			isa = PBXSourcesBuildPhase;
			buildActionMask = 2147483647;
			files = (
			);
			runOnlyForDeploymentPostprocessing = 0;
		};
		A8698F4E2CEC95F600B7FFFC /* Sources */ = {
			isa = PBXSourcesBuildPhase;
			buildActionMask = 2147483647;
			files = (
			);
			runOnlyForDeploymentPostprocessing = 0;
		};
		A8698F582CEC95F600B7FFFC /* Sources */ = {
			isa = PBXSourcesBuildPhase;
			buildActionMask = 2147483647;
			files = (
			);
			runOnlyForDeploymentPostprocessing = 0;
		};
/* End PBXSourcesBuildPhase section */

/* Begin PBXTargetDependency section */
		A8698F542CEC95F600B7FFFC /* PBXTargetDependency */ = {
			isa = PBXTargetDependency;
			target = A8698F412CEC95F400B7FFFC /* Lab1_ex2 */;
			targetProxy = A8698F532CEC95F600B7FFFC /* PBXContainerItemProxy */;
		};
		A8698F5E2CEC95F600B7FFFC /* PBXTargetDependency */ = {
			isa = PBXTargetDependency;
			target = A8698F412CEC95F400B7FFFC /* Lab1_ex2 */;
			targetProxy = A8698F5D2CEC95F600B7FFFC /* PBXContainerItemProxy */;
		};
/* End PBXTargetDependency section */

/* Begin XCBuildConfiguration section */
		A8698F642CEC95F600B7FFFC /* Debug */ = {
			isa = XCBuildConfiguration;
			buildSettings = {
				ALWAYS_SEARCH_USER_PATHS = NO;
				ASSETCATALOG_COMPILER_GENERATE_SWIFT_ASSET_SYMBOL_EXTENSIONS = YES;
				CLANG_ANALYZER_NONNULL = YES;
				CLANG_ANALYZER_NUMBER_OBJECT_CONVERSION = YES_AGGRESSIVE;
				CLANG_CXX_LANGUAGE_STANDARD = "gnu++20";
				CLANG_ENABLE_MODULES = YES;
				CLANG_ENABLE_OBJC_ARC = YES;
				CLANG_ENABLE_OBJC_WEAK = YES;
				CLANG_WARN_BLOCK_CAPTURE_AUTORELEASING = YES;
				CLANG_WARN_BOOL_CONVERSION = YES;
				CLANG_WARN_COMMA = YES;
				CLANG_WARN_CONSTANT_CONVERSION = YES;
				CLANG_WARN_DEPRECATED_OBJC_IMPLEMENTATIONS = YES;
				CLANG_WARN_DIRECT_OBJC_ISA_USAGE = YES_ERROR;
				CLANG_WARN_DOCUMENTATION_COMMENTS = YES;
				CLANG_WARN_EMPTY_BODY = YES;
				CLANG_WARN_ENUM_CONVERSION = YES;
				CLANG_WARN_INFINITE_RECURSION = YES;
				CLANG_WARN_INT_CONVERSION = YES;
				CLANG_WARN_NON_LITERAL_NULL_CONVERSION = YES;
				CLANG_WARN_OBJC_IMPLICIT_RETAIN_SELF = YES;
				CLANG_WARN_OBJC_LITERAL_CONVERSION = YES;
				CLANG_WARN_OBJC_ROOT_CLASS = YES_ERROR;
				CLANG_WARN_QUOTED_INCLUDE_IN_FRAMEWORK_HEADER = YES;
				CLANG_WARN_RANGE_LOOP_ANALYSIS = YES;
				CLANG_WARN_STRICT_PROTOTYPES = YES;
				CLANG_WARN_SUSPICIOUS_MOVE = YES;
				CLANG_WARN_UNGUARDED_AVAILABILITY = YES_AGGRESSIVE;
				CLANG_WARN_UNREACHABLE_CODE = YES;
				CLANG_WARN__DUPLICATE_METHOD_MATCH = YES;
				COPY_PHASE_STRIP = NO;
				DEBUG_INFORMATION_FORMAT = dwarf;
				ENABLE_STRICT_OBJC_MSGSEND = YES;
				ENABLE_TESTABILITY = YES;
				ENABLE_USER_SCRIPT_SANDBOXING = YES;
				GCC_C_LANGUAGE_STANDARD = gnu17;
				GCC_DYNAMIC_NO_PIC = NO;
				GCC_NO_COMMON_BLOCKS = YES;
				GCC_OPTIMIZATION_LEVEL = 0;
				GCC_PREPROCESSOR_DEFINITIONS = (
					"DEBUG=1",
					"$(inherited)",
				);
				GCC_WARN_64_TO_32_BIT_CONVERSION = YES;
				GCC_WARN_ABOUT_RETURN_TYPE = YES_ERROR;
				GCC_WARN_UNDECLARED_SELECTOR = YES;
				GCC_WARN_UNINITIALIZED_AUTOS = YES_AGGRESSIVE;
				GCC_WARN_UNUSED_FUNCTION = YES;
				GCC_WARN_UNUSED_VARIABLE = YES;
				IPHONEOS_DEPLOYMENT_TARGET = 18.0;
				LOCALIZATION_PREFERS_STRING_CATALOGS = YES;
				MTL_ENABLE_DEBUG_INFO = INCLUDE_SOURCE;
				MTL_FAST_MATH = YES;
				ONLY_ACTIVE_ARCH = YES;
				SDKROOT = iphoneos;
				SWIFT_ACTIVE_COMPILATION_CONDITIONS = "DEBUG $(inherited)";
				SWIFT_OPTIMIZATION_LEVEL = "-Onone";
			};
			name = Debug;
		};
		A8698F652CEC95F600B7FFFC /* Release */ = {
			isa = XCBuildConfiguration;
			buildSettings = {
				ALWAYS_SEARCH_USER_PATHS = NO;
				ASSETCATALOG_COMPILER_GENERATE_SWIFT_ASSET_SYMBOL_EXTENSIONS = YES;
				CLANG_ANALYZER_NONNULL = YES;
				CLANG_ANALYZER_NUMBER_OBJECT_CONVERSION = YES_AGGRESSIVE;
				CLANG_CXX_LANGUAGE_STANDARD = "gnu++20";
				CLANG_ENABLE_MODULES = YES;
				CLANG_ENABLE_OBJC_ARC = YES;
				CLANG_ENABLE_OBJC_WEAK = YES;
				CLANG_WARN_BLOCK_CAPTURE_AUTORELEASING = YES;
				CLANG_WARN_BOOL_CONVERSION = YES;
				CLANG_WARN_COMMA = YES;
				CLANG_WARN_CONSTANT_CONVERSION = YES;
				CLANG_WARN_DEPRECATED_OBJC_IMPLEMENTATIONS = YES;
				CLANG_WARN_DIRECT_OBJC_ISA_USAGE = YES_ERROR;
				CLANG_WARN_DOCUMENTATION_COMMENTS = YES;
				CLANG_WARN_EMPTY_BODY = YES;
				CLANG_WARN_ENUM_CONVERSION = YES;
				CLANG_WARN_INFINITE_RECURSION = YES;
				CLANG_WARN_INT_CONVERSION = YES;
				CLANG_WARN_NON_LITERAL_NULL_CONVERSION = YES;
				CLANG_WARN_OBJC_IMPLICIT_RETAIN_SELF = YES;
				CLANG_WARN_OBJC_LITERAL_CONVERSION = YES;
				CLANG_WARN_OBJC_ROOT_CLASS = YES_ERROR;
				CLANG_WARN_QUOTED_INCLUDE_IN_FRAMEWORK_HEADER = YES;
				CLANG_WARN_RANGE_LOOP_ANALYSIS = YES;
				CLANG_WARN_STRICT_PROTOTYPES = YES;
				CLANG_WARN_SUSPICIOUS_MOVE = YES;
				CLANG_WARN_UNGUARDED_AVAILABILITY = YES_AGGRESSIVE;
				CLANG_WARN_UNREACHABLE_CODE = YES;
				CLANG_WARN__DUPLICATE_METHOD_MATCH = YES;
				COPY_PHASE_STRIP = NO;
				DEBUG_INFORMATION_FORMAT = "dwarf-with-dsym";
				ENABLE_NS_ASSERTIONS = NO;
				ENABLE_STRICT_OBJC_MSGSEND = YES;
				ENABLE_USER_SCRIPT_SANDBOXING = YES;
				GCC_C_LANGUAGE_STANDARD = gnu17;
				GCC_NO_COMMON_BLOCKS = YES;
				GCC_WARN_64_TO_32_BIT_CONVERSION = YES;
				GCC_WARN_ABOUT_RETURN_TYPE = YES_ERROR;
				GCC_WARN_UNDECLARED_SELECTOR = YES;
				GCC_WARN_UNINITIALIZED_AUTOS = YES_AGGRESSIVE;
				GCC_WARN_UNUSED_FUNCTION = YES;
				GCC_WARN_UNUSED_VARIABLE = YES;
				IPHONEOS_DEPLOYMENT_TARGET = 18.0;
				LOCALIZATION_PREFERS_STRING_CATALOGS = YES;
				MTL_ENABLE_DEBUG_INFO = NO;
				MTL_FAST_MATH = YES;
				SDKROOT = iphoneos;
				SWIFT_COMPILATION_MODE = wholemodule;
				VALIDATE_PRODUCT = YES;
			};
			name = Release;
		};
		A8698F672CEC95F600B7FFFC /* Debug */ = {
			isa = XCBuildConfiguration;
			buildSettings = {
				ASSETCATALOG_COMPILER_APPICON_NAME = AppIcon;
				ASSETCATALOG_COMPILER_GLOBAL_ACCENT_COLOR_NAME = AccentColor;
				CODE_SIGN_STYLE = Automatic;
				CURRENT_PROJECT_VERSION = 1;
				DEVELOPMENT_ASSET_PATHS = "\"Lab1_ex2/Preview Content\"";
				ENABLE_PREVIEWS = YES;
				GENERATE_INFOPLIST_FILE = YES;
				INFOPLIST_KEY_UIApplicationSceneManifest_Generation = YES;
				INFOPLIST_KEY_UIApplicationSupportsIndirectInputEvents = YES;
				INFOPLIST_KEY_UILaunchScreen_Generation = YES;
				INFOPLIST_KEY_UISupportedInterfaceOrientations_iPad = "UIInterfaceOrientationPortrait UIInterfaceOrientationPortraitUpsideDown UIInterfaceOrientationLandscapeLeft UIInterfaceOrientationLandscapeRight";
				INFOPLIST_KEY_UISupportedInterfaceOrientations_iPhone = "UIInterfaceOrientationPortrait UIInterfaceOrientationLandscapeLeft UIInterfaceOrientationLandscapeRight";
				LD_RUNPATH_SEARCH_PATHS = (
					"$(inherited)",
					"@executable_path/Frameworks",
				);
				MARKETING_VERSION = 1.0;
				PRODUCT_BUNDLE_IDENTIFIER = "com.agh.kbernacik.Lab1-ex2";
				PRODUCT_NAME = "$(TARGET_NAME)";
				SWIFT_EMIT_LOC_STRINGS = YES;
				SWIFT_VERSION = 5.0;
				TARGETED_DEVICE_FAMILY = "1,2";
			};
			name = Debug;
		};
		A8698F682CEC95F600B7FFFC /* Release */ = {
			isa = XCBuildConfiguration;
			buildSettings = {
				ASSETCATALOG_COMPILER_APPICON_NAME = AppIcon;
				ASSETCATALOG_COMPILER_GLOBAL_ACCENT_COLOR_NAME = AccentColor;
				CODE_SIGN_STYLE = Automatic;
				CURRENT_PROJECT_VERSION = 1;
				DEVELOPMENT_ASSET_PATHS = "\"Lab1_ex2/Preview Content\"";
				ENABLE_PREVIEWS = YES;
				GENERATE_INFOPLIST_FILE = YES;
				INFOPLIST_KEY_UIApplicationSceneManifest_Generation = YES;
				INFOPLIST_KEY_UIApplicationSupportsIndirectInputEvents = YES;
				INFOPLIST_KEY_UILaunchScreen_Generation = YES;
				INFOPLIST_KEY_UISupportedInterfaceOrientations_iPad = "UIInterfaceOrientationPortrait UIInterfaceOrientationPortraitUpsideDown UIInterfaceOrientationLandscapeLeft UIInterfaceOrientationLandscapeRight";
				INFOPLIST_KEY_UISupportedInterfaceOrientations_iPhone = "UIInterfaceOrientationPortrait UIInterfaceOrientationLandscapeLeft UIInterfaceOrientationLandscapeRight";
				LD_RUNPATH_SEARCH_PATHS = (
					"$(inherited)",
					"@executable_path/Frameworks",
				);
				MARKETING_VERSION = 1.0;
				PRODUCT_BUNDLE_IDENTIFIER = "com.agh.kbernacik.Lab1-ex2";
				PRODUCT_NAME = "$(TARGET_NAME)";
				SWIFT_EMIT_LOC_STRINGS = YES;
				SWIFT_VERSION = 5.0;
				TARGETED_DEVICE_FAMILY = "1,2";
			};
			name = Release;
		};
		A8698F6A2CEC95F600B7FFFC /* Debug */ = {
			isa = XCBuildConfiguration;
			buildSettings = {
				BUNDLE_LOADER = "$(TEST_HOST)";
				CODE_SIGN_STYLE = Automatic;
				CURRENT_PROJECT_VERSION = 1;
				GENERATE_INFOPLIST_FILE = YES;
				IPHONEOS_DEPLOYMENT_TARGET = 18.0;
				MARKETING_VERSION = 1.0;
				PRODUCT_BUNDLE_IDENTIFIER = "com.agh.kbernacik.Lab1-ex2Tests";
				PRODUCT_NAME = "$(TARGET_NAME)";
				SWIFT_EMIT_LOC_STRINGS = NO;
				SWIFT_VERSION = 5.0;
				TARGETED_DEVICE_FAMILY = "1,2";
				TEST_HOST = "$(BUILT_PRODUCTS_DIR)/Lab1_ex2.app/$(BUNDLE_EXECUTABLE_FOLDER_PATH)/Lab1_ex2";
			};
			name = Debug;
		};
		A8698F6B2CEC95F600B7FFFC /* Release */ = {
			isa = XCBuildConfiguration;
			buildSettings = {
				BUNDLE_LOADER = "$(TEST_HOST)";
				CODE_SIGN_STYLE = Automatic;
				CURRENT_PROJECT_VERSION = 1;
				GENERATE_INFOPLIST_FILE = YES;
				IPHONEOS_DEPLOYMENT_TARGET = 18.0;
				MARKETING_VERSION = 1.0;
				PRODUCT_BUNDLE_IDENTIFIER = "com.agh.kbernacik.Lab1-ex2Tests";
				PRODUCT_NAME = "$(TARGET_NAME)";
				SWIFT_EMIT_LOC_STRINGS = NO;
				SWIFT_VERSION = 5.0;
				TARGETED_DEVICE_FAMILY = "1,2";
				TEST_HOST = "$(BUILT_PRODUCTS_DIR)/Lab1_ex2.app/$(BUNDLE_EXECUTABLE_FOLDER_PATH)/Lab1_ex2";
			};
			name = Release;
		};
		A8698F6D2CEC95F600B7FFFC /* Debug */ = {
			isa = XCBuildConfiguration;
			buildSettings = {
				CODE_SIGN_STYLE = Automatic;
				CURRENT_PROJECT_VERSION = 1;
				GENERATE_INFOPLIST_FILE = YES;
				MARKETING_VERSION = 1.0;
				PRODUCT_BUNDLE_IDENTIFIER = "com.agh.kbernacik.Lab1-ex2UITests";
				PRODUCT_NAME = "$(TARGET_NAME)";
				SWIFT_EMIT_LOC_STRINGS = NO;
				SWIFT_VERSION = 5.0;
				TARGETED_DEVICE_FAMILY = "1,2";
				TEST_TARGET_NAME = Lab1_ex2;
			};
			name = Debug;
		};
		A8698F6E2CEC95F600B7FFFC /* Release */ = {
			isa = XCBuildConfiguration;
			buildSettings = {
				CODE_SIGN_STYLE = Automatic;
				CURRENT_PROJECT_VERSION = 1;
				GENERATE_INFOPLIST_FILE = YES;
				MARKETING_VERSION = 1.0;
				PRODUCT_BUNDLE_IDENTIFIER = "com.agh.kbernacik.Lab1-ex2UITests";
				PRODUCT_NAME = "$(TARGET_NAME)";
				SWIFT_EMIT_LOC_STRINGS = NO;
				SWIFT_VERSION = 5.0;
				TARGETED_DEVICE_FAMILY = "1,2";
				TEST_TARGET_NAME = Lab1_ex2;
			};
			name = Release;
		};
/* End XCBuildConfiguration section */

/* Begin XCConfigurationList section */
		A8698F3D2CEC95F400B7FFFC /* Build configuration list for PBXProject "Lab1_ex2" */ = {
			isa = XCConfigurationList;
			buildConfigurations = (
				A8698F642CEC95F600B7FFFC /* Debug */,
				A8698F652CEC95F600B7FFFC /* Release */,
			);
			defaultConfigurationIsVisible = 0;
			defaultConfigurationName = Release;
		};
		A8698F662CEC95F600B7FFFC /* Build configuration list for PBXNativeTarget "Lab1_ex2" */ = {
			isa = XCConfigurationList;
			buildConfigurations = (
				A8698F672CEC95F600B7FFFC /* Debug */,
				A8698F682CEC95F600B7FFFC /* Release */,
			);
			defaultConfigurationIsVisible = 0;
			defaultConfigurationName = Release;
		};
		A8698F692CEC95F600B7FFFC /* Build configuration list for PBXNativeTarget "Lab1_ex2Tests" */ = {
			isa = XCConfigurationList;
			buildConfigurations = (
				A8698F6A2CEC95F600B7FFFC /* Debug */,
				A8698F6B2CEC95F600B7FFFC /* Release */,
			);
			defaultConfigurationIsVisible = 0;
			defaultConfigurationName = Release;
		};
		A8698F6C2CEC95F600B7FFFC /* Build configuration list for PBXNativeTarget "Lab1_ex2UITests" */ = {
			isa = XCConfigurationList;
			buildConfigurations = (
				A8698F6D2CEC95F600B7FFFC /* Debug */,
				A8698F6E2CEC95F600B7FFFC /* Release */,
			);
			defaultConfigurationIsVisible = 0;
			defaultConfigurationName = Release;
		};
/* End XCConfigurationList section */
	};
	rootObject = A8698F3A2CEC95F400B7FFFC /* Project object */;
}
